Microsoft Visual Studio Solution File, Format Version 12.00
# Visual Studio Version 17
VisualStudioVersion = 17.5.2.0
MinimumVisualStudioVersion = 10.0.40219.1
Project("{FAE04EC0-301F-11D3-BF4B-00C04F79EFBC}") = "WNC.Airline", "WNC.Airline.csproj", "{F93C7DD9-FD0C-4EAE-964C-560495F70814}"
EndProject
Global
	GlobalSection(SolutionConfigurationPlatforms) = preSolution
		Debug|Any CPU = Debug|Any CPU
		Release|Any CPU = Release|Any CPU
	EndGlobalSection
	GlobalSection(ProjectConfigurationPlatforms) = postSolution
		{F93C7DD9-FD0C-4EAE-964C-560495F70814}.Debug|Any CPU.ActiveCfg = Debug|Any CPU
		{F93C7DD9-FD0C-4EAE-964C-560495F70814}.Debug|Any CPU.Build.0 = Debug|Any CPU
		{F93C7DD9-FD0C-4EAE-964C-560495F70814}.Release|Any CPU.ActiveCfg = Release|Any CPU
		{F93C7DD9-FD0C-4EAE-964C-560495F70814}.Release|Any CPU.Build.0 = Release|Any CPU
	EndGlobalSection
	GlobalSection(SolutionProperties) = preSolution
		HideSolutionNode = FALSE
	EndGlobalSection
	GlobalSection(ExtensibilityGlobals) = postSolution
		SolutionGuid = {230B64AD-B744-424C-9BD2-5455599701B8}
	EndGlobalSection
EndGlobal
